{
  "name": "assets",
  "lockfileVersion": 3,
  "requires": true,
  "packages": {
    "": {
      "dependencies": {
        "verovio": "^6.2.0"
      }
    },
    "node_modules/verovio": {
      "version": "6.2.0",
      "resolved": "https://registry.npmjs.org/verovio/-/verovio-6.2.0.tgz",
      "integrity": "sha512-yYU4CAik+ln4tdDOSLJPypQ24fiRsJtNgmgobsPnrSQYxesjwLrrPvth4mumeBRh3S20VERw9+GPXpRyhT1R4A==",
      "license": "LGPL-3.0-or-later",
      "engines": {
        "node": ">= 14.18.0"
      }
    }
  }
}
